# This file is generated by running "yarn install" inside your project.
# Manual changes might be lost - proceed with caution!

__metadata:
  version: 4
  cacheKey: 7

"boolbase@npm:^1.0.0":
  version: 1.0.0
  resolution: "boolbase@npm:1.0.0"
  checksum: e827963c416fdb1dbcd57e066a43c40829518f4dcdc9f58ed04519daeebb610adacbb6cf102518bda9f08be593c5b1b49a83e36bf6b7d91b3403f7e35510eeae
  languageName: node
  linkType: hard

"cheerio-select@npm:^1.3.0":
  version: 1.3.0
  resolution: "cheerio-select@npm:1.3.0"
  dependencies:
    css-select: ^4.0.0
    css-what: ^5.0.0
    domelementtype: ^2.2.0
    domhandler: ^4.1.0
    domutils: ^2.5.2
  checksum: 15f328a51f19a61739e36eb8d7aa3e8faf17dfcfaf2ce5d4d6011e7eadd364b9e316ab103bbfe069618846884e07b800393189b889a22ed52bd64a10b3e1eee8
  languageName: node
  linkType: hard

"cheerio@npm:^1.0.0-rc.6":
  version: 1.0.0-rc.6
  resolution: "cheerio@npm:1.0.0-rc.6"
  dependencies:
    cheerio-select: ^1.3.0
    dom-serializer: ^1.3.1
    domhandler: ^4.1.0
    htmlparser2: ^6.1.0
    parse5: ^6.0.1
    parse5-htmlparser2-tree-adapter: ^6.0.1
  checksum: 75778a0f749972322a36107622ed5b9d1888dc7bc01809bb1f94ef9b095a410ae8ca91a91a66c23682cc1742ef0d3346040c24306aa89cdcfdcc64f2e42ff628
  languageName: node
  linkType: hard

"css-select@npm:^4.0.0":
  version: 4.0.0
  resolution: "css-select@npm:4.0.0"
  dependencies:
    boolbase: ^1.0.0
    css-what: ^5.0.0
    domhandler: ^4.1.0
    domutils: ^2.5.1
    nth-check: ^2.0.0
  checksum: bd81703a12515e3a29de95f7d2e481333dfb6c6d85c2d5c2951fb163527195b8060291e7c7df5f9d8ac6e360bbedbc3f899e21088683dd836771c3f00a38c0f6
  languageName: node
  linkType: hard

"css-what@npm:^5.0.0":
  version: 5.0.0
  resolution: "css-what@npm:5.0.0"
  checksum: e41b63a3ebed7bbf6fc97ace63c06ddad44da3399a65e2d8075715ffe1a24aceb223badbf219c93aa7c64938872964b9f8fe5854379c6f089b306b5e9e91867b
  languageName: node
  linkType: hard

"csv-generate@npm:^3.4.0":
  version: 3.4.0
  resolution: "csv-generate@npm:3.4.0"
  checksum: 6d7f8d28a122ee2cd073fca0eed0b176df29b968073056436c5cc00869fab2eed5b8808e93b5375a125e6ad09057d4c45496b098f93522d13fd1a3ca2795329f
  languageName: node
  linkType: hard

"csv-parse@npm:^4.15.3":
  version: 4.15.4
  resolution: "csv-parse@npm:4.15.4"
  checksum: 04bdb9a5d45c70cbaa59a7e5811841562a7414c701d892a9364631d6a3cbf645358b41be5a2b45838a76a955ed33e2e8b8ebb21705923650838bfb08119e9d9d
  languageName: node
  linkType: hard

"csv-stringify@npm:^5.6.2":
  version: 5.6.2
  resolution: "csv-stringify@npm:5.6.2"
  checksum: e4a30ab9631b739b14130042f558700298856724f0674e50700198057b9d7cf0dd64097b933b6243d050139c085ba365977f80f392d863c64fe4800ce8e06023
  languageName: node
  linkType: hard

"csv@npm:^5.5.0":
  version: 5.5.0
  resolution: "csv@npm:5.5.0"
  dependencies:
    csv-generate: ^3.4.0
    csv-parse: ^4.15.3
    csv-stringify: ^5.6.2
    stream-transform: ^2.1.0
  checksum: 1e3728386e84a48a37f82659e225a6fd0c359ff61fde66c7b57a5f9b80ac973a28361e48726f14bf4fa1c5db0c9051acf3472bf104edbd8715ed655875ec346a
  languageName: node
  linkType: hard

"dom-serializer@npm:^1.0.1, dom-serializer@npm:^1.3.1":
  version: 1.3.1
  resolution: "dom-serializer@npm:1.3.1"
  dependencies:
    domelementtype: ^2.0.1
    domhandler: ^4.0.0
    entities: ^2.0.0
  checksum: b5260cc10372a0a36661c429fa4bf351930ee130ca4370bad99a9440bda34f43e592190e6bff060957d1f38f11945991fe95a6fb043ef99dcdd8107e8c31d755
  languageName: node
  linkType: hard

"domelementtype@npm:^2.0.1, domelementtype@npm:^2.2.0":
  version: 2.2.0
  resolution: "domelementtype@npm:2.2.0"
  checksum: 70af22cd69a8e0c0cd4fbbba0459991aacb015f60765050b4a6d1750fd201b4bd4fd1e6922e945200f9cc725cd61be1cd393a3b9b576187759e3b046f33a4a30
  languageName: node
  linkType: hard

"domhandler@npm:^4.0.0, domhandler@npm:^4.1.0":
  version: 4.1.0
  resolution: "domhandler@npm:4.1.0"
  dependencies:
    domelementtype: ^2.2.0
  checksum: 84a55274b09c20955f939bc2584d5fbf88f06d12b8ab558a2dd9a92539baba208cc140d84b9afb701679c49c53740196f23349ff5913075115dbf46fec455f7a
  languageName: node
  linkType: hard

"domutils@npm:^2.5.1, domutils@npm:^2.5.2":
  version: 2.5.2
  resolution: "domutils@npm:2.5.2"
  dependencies:
    dom-serializer: ^1.0.1
    domelementtype: ^2.2.0
    domhandler: ^4.1.0
  checksum: a88c02e61536c0e40256e56eea50ac27526c85006b57a12c6f31890c783f70bb4ef242e1dde469928b15a6b84e76df6db1da869c8b3b63cc85c0e30a587826f5
  languageName: node
  linkType: hard

"entities@npm:^2.0.0":
  version: 2.2.0
  resolution: "entities@npm:2.2.0"
  checksum: ebd62621a15a13f4e914322cf8b1d4aeb224fa5365910d8899615835dada8b1349dea77bbcd4db2eea100845de313c46303accafece669d929d64ebcc90f4517
  languageName: node
  linkType: hard

"follow-redirects@npm:^1.13.3":
  version: 1.13.3
  resolution: "follow-redirects@npm:1.13.3"
  peerDependenciesMeta:
    debug:
      optional: true
  checksum: 9ad74c3b66ad5c32d8c009a2afb4e5c1b9e5dbe1f631419296c21f8e4f9976ed2c52f9a676c4acdd1d7f41a8f17a03dfaa3704993b25b5965eb11bc9dc9a8ef5
  languageName: node
  linkType: hard

"htmlparser2@npm:^6.1.0":
  version: 6.1.0
  resolution: "htmlparser2@npm:6.1.0"
  dependencies:
    domelementtype: ^2.0.1
    domhandler: ^4.0.0
    domutils: ^2.5.2
    entities: ^2.0.0
  checksum: 37b0b2c0ae99aed0537f6373a6ad3dc6f19fddfd10799a75e76213458a0f754bbd3a829f075d175c9f5e3c70c7e354cb5a1dd1b582cee90e28a0845a96d524dc
  languageName: node
  linkType: hard

"mango-to-openurl@workspace:.":
  version: 0.0.0-use.local
  resolution: "mango-to-openurl@workspace:."
  dependencies:
    cheerio: ^1.0.0-rc.6
    csv: ^5.5.0
    follow-redirects: ^1.13.3
  languageName: unknown
  linkType: soft

"mixme@npm:^0.5.0":
  version: 0.5.0
  resolution: "mixme@npm:0.5.0"
  checksum: d6c7bcc42c78d50188bd4ca5d1c7d1bd8e2b4b254a2551342cc296e5d02aec67d4a3ce150828a15865c97789fabb1d3c1cf9ce3d46a1d46667a03b53eb19d578
  languageName: node
  linkType: hard

"nth-check@npm:^2.0.0":
  version: 2.0.0
  resolution: "nth-check@npm:2.0.0"
  dependencies:
    boolbase: ^1.0.0
  checksum: 380a6dcf32910c783f30c62d6ae02194e8ac860faf99ff46b2248942477304351755a7ee2fa26ce289b6d078350fa14703da5cf4b3c65275032b43008a275064
  languageName: node
  linkType: hard

"parse5-htmlparser2-tree-adapter@npm:^6.0.1":
  version: 6.0.1
  resolution: "parse5-htmlparser2-tree-adapter@npm:6.0.1"
  dependencies:
    parse5: ^6.0.1
  checksum: d7389a60fd1930cbbde40456a5f990468d13f4b7a5550db01adde4d61e97245e90c32de2575b531408fe7a2781111f96b1c955ff23bf2f61218db712434be3e0
  languageName: node
  linkType: hard

"parse5@npm:^6.0.1":
  version: 6.0.1
  resolution: "parse5@npm:6.0.1"
  checksum: e312014edd76a6dc2eac35248ad53477b2594a7b92b7a00f66169483bb87c3d1d36660daddeb720457418dfe0893eb3ad1043085047fc3699167afa6834cb4c4
  languageName: node
  linkType: hard

"stream-transform@npm:^2.1.0":
  version: 2.1.0
  resolution: "stream-transform@npm:2.1.0"
  dependencies:
    mixme: ^0.5.0
  checksum: 562c18961d3185ac63f2e7bbbb2d13e43c199efce77bbbfabd81164a5fcb2523b7d29c9cee534422b26ca4157f91cbfc2ac7e7e4921986c28fbf8d9b280da1d8
  languageName: node
  linkType: hard
